
Microsoft Visual Studio Solution File, Format Version 12.00
# Visual Studio Version 16
VisualStudioVersion = 16.0.31205.134
MinimumVisualStudioVersion = 10.0.40219.1
Project("{9092AA53-FB77-4645-B42D-1CCCA6BD08BD}") = "ExpressNodeTestServer", "ExpressNodeTestServer\ExpressNodeTestServer.njsproj", "{7949EAAE-26A8-4C45-953C-2240CAEE93E5}"
EndProject
Global
	GlobalSection(SolutionConfigurationPlatforms) = preSolution
		Debug|Any CPU = Debug|Any CPU
		Release|Any CPU = Release|Any CPU
	EndGlobalSection
	GlobalSection(ProjectConfigurationPlatforms) = postSolution
		{7949EAAE-26A8-4C45-953C-2240CAEE93E5}.Debug|Any CPU.ActiveCfg = Debug|Any CPU
		{7949EAAE-26A8-4C45-953C-2240CAEE93E5}.Debug|Any CPU.Build.0 = Debug|Any CPU
		{7949EAAE-26A8-4C45-953C-2240CAEE93E5}.Release|Any CPU.ActiveCfg = Release|Any CPU
		{7949EAAE-26A8-4C45-953C-2240CAEE93E5}.Release|Any CPU.Build.0 = Release|Any CPU
	EndGlobalSection
	GlobalSection(SolutionProperties) = preSolution
		HideSolutionNode = FALSE
	EndGlobalSection
	GlobalSection(ExtensibilityGlobals) = postSolution
		SolutionGuid = {5DBFDCAC-A200-4A58-AACF-1C3FF326FEF8}
	EndGlobalSection
EndGlobal
